# This file is automatically @generated by Cargo.
# It is not intended for manual editing.
[[package]]
name = "avr-mcu"
version = "0.2.6"
source = "registry+https://github.com/rust-lang/crates.io-index"
checksum = "d560a698718437f9e3cb787f70f8103685514f84aff6b55b5a506b1740a1aeb3"
dependencies = [
 "lazy_static",
 "xmltree",
]

[[package]]
name = "avr-std-stub"
version = "1.0.2"
source = "registry+https://github.com/rust-lang/crates.io-index"
checksum = "b81c8e8c23121c998236d1fb16537ae599318fe0e1a099b68c02221aa34f1576"

[[package]]
name = "avrd"
version = "0.3.0"
source = "registry+https://github.com/rust-lang/crates.io-index"
checksum = "3e419c534662286cde27488abc23bd330cca2becc3ba8e000f86042001d272d5"
dependencies = [
 "avr-mcu",
]

[[package]]
name = "bitflags"
version = "0.7.0"
source = "registry+https://github.com/rust-lang/crates.io-index"
checksum = "aad18937a628ec6abcd26d1489012cc0e18c21798210f491af69ded9b881106d"

[[package]]
name = "lazy_static"
version = "0.2.11"
source = "registry+https://github.com/rust-lang/crates.io-index"
checksum = "76f033c7ad61445c5b347c7382dd1237847eb1bce590fe50365dcb33d546be73"

[[package]]
name = "trafficlight-avr"
version = "0.1.0"
dependencies = [
 "avr-std-stub",
 "avrd",
]

[[package]]
name = "xml-rs"
version = "0.4.1"
source = "registry+https://github.com/rust-lang/crates.io-index"
checksum = "b46ee689ba7a669c08a1170c2348d2516c62dc461135c9e86b2f1f476e07be4a"
dependencies = [
 "bitflags",
]

[[package]]
name = "xmltree"
version = "0.4.0"
source = "registry+https://github.com/rust-lang/crates.io-index"
checksum = "973f1a8be3ef2ce1388e0821093ce67d5eb4c2e897e88866e2ed6dd7a63920ed"
dependencies = [
 "xml-rs",
]
